
Microsoft Visual Studio Solution File, Format Version 12.00
Project("{FAE04EC0-301F-11D3-BF4B-00C04F79EFBC}") = "LinkedList", "LinkedList\LinkedList.csproj", "{14CBD083-94D0-47FF-B8BF-B84420FC5AC6}"
EndProject
Project("{FAE04EC0-301F-11D3-BF4B-00C04F79EFBC}") = "Stack", "Stack\Stack.csproj", "{17469207-3A32-40C0-91C1-0CAC2F1777AE}"
EndProject
Project("{FAE04EC0-301F-11D3-BF4B-00C04F79EFBC}") = "Recursion", "Recursion\Recursion.csproj", "{1D7AB062-D792-4D7B-994A-A74C8E924D55}"
EndProject
Project("{FAE04EC0-301F-11D3-BF4B-00C04F79EFBC}") = "SortMethods", "SortMethods\SortMethods.csproj", "{11B54600-AF18-461E-8650-9E1025033143}"
EndProject
Project("{FAE04EC0-301F-11D3-BF4B-00C04F79EFBC}") = "Tree", "Tree\Tree.csproj", "{763D856E-EAC8-464D-A59F-BDBE24983DA0}"
EndProject
Project("{FAE04EC0-301F-11D3-BF4B-00C04F79EFBC}") = "HashFT", "HashFT\HashFT.csproj", "{49E4C830-19F3-4F20-87E3-E02D3BFE9C24}"
EndProject
Project("{FAE04EC0-301F-11D3-BF4B-00C04F79EFBC}") = "Graph", "Graph\Graph.csproj", "{0D5B4BA9-E27F-4ECF-970B-156472A8FF10}"
EndProject
Global
	GlobalSection(SolutionConfigurationPlatforms) = preSolution
		Debug|Any CPU = Debug|Any CPU
		Release|Any CPU = Release|Any CPU
	EndGlobalSection
	GlobalSection(ProjectConfigurationPlatforms) = postSolution
		{14CBD083-94D0-47FF-B8BF-B84420FC5AC6}.Debug|Any CPU.ActiveCfg = Debug|Any CPU
		{14CBD083-94D0-47FF-B8BF-B84420FC5AC6}.Debug|Any CPU.Build.0 = Debug|Any CPU
		{14CBD083-94D0-47FF-B8BF-B84420FC5AC6}.Release|Any CPU.ActiveCfg = Release|Any CPU
		{14CBD083-94D0-47FF-B8BF-B84420FC5AC6}.Release|Any CPU.Build.0 = Release|Any CPU
		{17469207-3A32-40C0-91C1-0CAC2F1777AE}.Debug|Any CPU.ActiveCfg = Debug|Any CPU
		{17469207-3A32-40C0-91C1-0CAC2F1777AE}.Debug|Any CPU.Build.0 = Debug|Any CPU
		{17469207-3A32-40C0-91C1-0CAC2F1777AE}.Release|Any CPU.ActiveCfg = Release|Any CPU
		{17469207-3A32-40C0-91C1-0CAC2F1777AE}.Release|Any CPU.Build.0 = Release|Any CPU
		{1D7AB062-D792-4D7B-994A-A74C8E924D55}.Debug|Any CPU.ActiveCfg = Debug|Any CPU
		{1D7AB062-D792-4D7B-994A-A74C8E924D55}.Debug|Any CPU.Build.0 = Debug|Any CPU
		{1D7AB062-D792-4D7B-994A-A74C8E924D55}.Release|Any CPU.ActiveCfg = Release|Any CPU
		{1D7AB062-D792-4D7B-994A-A74C8E924D55}.Release|Any CPU.Build.0 = Release|Any CPU
		{11B54600-AF18-461E-8650-9E1025033143}.Debug|Any CPU.ActiveCfg = Debug|Any CPU
		{11B54600-AF18-461E-8650-9E1025033143}.Debug|Any CPU.Build.0 = Debug|Any CPU
		{11B54600-AF18-461E-8650-9E1025033143}.Release|Any CPU.ActiveCfg = Release|Any CPU
		{11B54600-AF18-461E-8650-9E1025033143}.Release|Any CPU.Build.0 = Release|Any CPU
		{763D856E-EAC8-464D-A59F-BDBE24983DA0}.Debug|Any CPU.ActiveCfg = Debug|Any CPU
		{763D856E-EAC8-464D-A59F-BDBE24983DA0}.Debug|Any CPU.Build.0 = Debug|Any CPU
		{763D856E-EAC8-464D-A59F-BDBE24983DA0}.Release|Any CPU.ActiveCfg = Release|Any CPU
		{763D856E-EAC8-464D-A59F-BDBE24983DA0}.Release|Any CPU.Build.0 = Release|Any CPU
		{49E4C830-19F3-4F20-87E3-E02D3BFE9C24}.Debug|Any CPU.ActiveCfg = Debug|Any CPU
		{49E4C830-19F3-4F20-87E3-E02D3BFE9C24}.Debug|Any CPU.Build.0 = Debug|Any CPU
		{49E4C830-19F3-4F20-87E3-E02D3BFE9C24}.Release|Any CPU.ActiveCfg = Release|Any CPU
		{49E4C830-19F3-4F20-87E3-E02D3BFE9C24}.Release|Any CPU.Build.0 = Release|Any CPU
		{0D5B4BA9-E27F-4ECF-970B-156472A8FF10}.Debug|Any CPU.ActiveCfg = Debug|Any CPU
		{0D5B4BA9-E27F-4ECF-970B-156472A8FF10}.Debug|Any CPU.Build.0 = Debug|Any CPU
		{0D5B4BA9-E27F-4ECF-970B-156472A8FF10}.Release|Any CPU.ActiveCfg = Release|Any CPU
		{0D5B4BA9-E27F-4ECF-970B-156472A8FF10}.Release|Any CPU.Build.0 = Release|Any CPU
	EndGlobalSection
EndGlobal
